Microsoft Visual Studio Solution File, Format Version 11.00
# Visual Studio 2008

Project("{962984F4-0894-47E1-B8A2-5069677E1682}") = "Paysage_genial", "Assembly-CSharp-firstpass.csproj", "{66229762-BD2C-C33B-29A6-C100632FD51F}"
EndProject
Project("{962984F4-0894-47E1-B8A2-5069677E1682}") = "Paysage_genial", "Assembly-CSharp.csproj", "{9A738BAD-A16C-F5D7-A44D-8EB217F20627}"
EndProject
Project("{962984F4-0894-47E1-B8A2-5069677E1682}") = "Paysage_genial", "Assembly-CSharp-Editor.csproj", "{E867A494-6452-A3CF-11F1-787418FC53C2}"
EndProject
Global
	GlobalSection(SolutionConfigurationPlatforms) = preSolution
		Debug|Any CPU = Debug|Any CPU
		Release|Any CPU = Release|Any CPU
	EndGlobalSection
	GlobalSection(ProjectConfigurationPlatforms) = postSolution
		{66229762-BD2C-C33B-29A6-C100632FD51F}.Debug|Any CPU.ActiveCfg = Debug|Any CPU
		{66229762-BD2C-C33B-29A6-C100632FD51F}.Debug|Any CPU.Build.0 = Debug|Any CPU
		{66229762-BD2C-C33B-29A6-C100632FD51F}.Release|Any CPU.ActiveCfg = Release|Any CPU
		{66229762-BD2C-C33B-29A6-C100632FD51F}.Release|Any CPU.Build.0 = Release|Any CPU
		{9A738BAD-A16C-F5D7-A44D-8EB217F20627}.Debug|Any CPU.ActiveCfg = Debug|Any CPU
		{9A738BAD-A16C-F5D7-A44D-8EB217F20627}.Debug|Any CPU.Build.0 = Debug|Any CPU
		{9A738BAD-A16C-F5D7-A44D-8EB217F20627}.Release|Any CPU.ActiveCfg = Release|Any CPU
		{9A738BAD-A16C-F5D7-A44D-8EB217F20627}.Release|Any CPU.Build.0 = Release|Any CPU
		{E867A494-6452-A3CF-11F1-787418FC53C2}.Debug|Any CPU.ActiveCfg = Debug|Any CPU
		{E867A494-6452-A3CF-11F1-787418FC53C2}.Debug|Any CPU.Build.0 = Debug|Any CPU
		{E867A494-6452-A3CF-11F1-787418FC53C2}.Release|Any CPU.ActiveCfg = Release|Any CPU
		{E867A494-6452-A3CF-11F1-787418FC53C2}.Release|Any CPU.Build.0 = Release|Any CPU
	EndGlobalSection
	GlobalSection(SolutionProperties) = preSolution
		HideSolutionNode = FALSE
	EndGlobalSection
	GlobalSection(MonoDevelopProperties) = preSolution
		StartupItem = Assembly-CSharp.csproj
	EndGlobalSection
EndGlobal
